
Microsoft Visual Studio Solution File, Format Version 12.00
# Visual Studio 15
VisualStudioVersion = 15.0.28307.329
MinimumVisualStudioVersion = 10.0.40219.1
Project("{9A19103F-16F7-4668-BE54-9A1E7A4F7556}") = "ToDo-App", "ToDo-App\ToDo-App.csproj", "{74AD997B-A46B-42BE-9646-A8D176261285}"
EndProject
Project("{9A19103F-16F7-4668-BE54-9A1E7A4F7556}") = "Core", "Core\Core.csproj", "{2E6B48C4-9F4A-4F4A-92D2-C88E96D6CF61}"
EndProject
Project("{9A19103F-16F7-4668-BE54-9A1E7A4F7556}") = "Infrastructure", "Infrastructure\Infrastructure.csproj", "{94950604-1E08-41FF-A975-48EE595D4B6A}"
EndProject
Project("{00D1A9C2-B5F0-4AF3-8072-F6C62B433612}") = "Database", "Database\Database.sqlproj", "{055811E3-0B07-46DE-9910-E11465B341C9}"
EndProject
Project("{9A19103F-16F7-4668-BE54-9A1E7A4F7556}") = "Todo-App.Tests", "Todo-App.Tests\Todo-App.Tests.csproj", "{F48E5E3D-D857-45C9-95E3-76DFE0786BC6}"
EndProject
Project("{E24C65DC-7377-472B-9ABA-BC803B73C61A}") = "react-front", "react-front\", "{E946144D-DD0B-404B-898B-BE75E6E9919E}"
	ProjectSection(WebsiteProperties) = preProject
		TargetFrameworkMoniker = ".NETFramework,Version%3Dv4.0"
		Debug.AspNetCompiler.VirtualPath = "/localhost_52956"
		Debug.AspNetCompiler.PhysicalPath = "react-front\"
		Debug.AspNetCompiler.TargetPath = "PrecompiledWeb\localhost_52956\"
		Debug.AspNetCompiler.Updateable = "true"
		Debug.AspNetCompiler.ForceOverwrite = "true"
		Debug.AspNetCompiler.FixedNames = "false"
		Debug.AspNetCompiler.Debug = "True"
		Release.AspNetCompiler.VirtualPath = "/localhost_52956"
		Release.AspNetCompiler.PhysicalPath = "react-front\"
		Release.AspNetCompiler.TargetPath = "PrecompiledWeb\localhost_52956\"
		Release.AspNetCompiler.Updateable = "true"
		Release.AspNetCompiler.ForceOverwrite = "true"
		Release.AspNetCompiler.FixedNames = "false"
		Release.AspNetCompiler.Debug = "False"
		VWDPort = "52956"
		SlnRelativePath = "react-front\"
	EndProjectSection
EndProject
Global
	GlobalSection(SolutionConfigurationPlatforms) = preSolution
		Debug|Any CPU = Debug|Any CPU
		Release|Any CPU = Release|Any CPU
	EndGlobalSection
	GlobalSection(ProjectConfigurationPlatforms) = postSolution
		{74AD997B-A46B-42BE-9646-A8D176261285}.Debug|Any CPU.ActiveCfg = Debug|Any CPU
		{74AD997B-A46B-42BE-9646-A8D176261285}.Debug|Any CPU.Build.0 = Debug|Any CPU
		{74AD997B-A46B-42BE-9646-A8D176261285}.Release|Any CPU.ActiveCfg = Release|Any CPU
		{74AD997B-A46B-42BE-9646-A8D176261285}.Release|Any CPU.Build.0 = Release|Any CPU
		{2E6B48C4-9F4A-4F4A-92D2-C88E96D6CF61}.Debug|Any CPU.ActiveCfg = Debug|Any CPU
		{2E6B48C4-9F4A-4F4A-92D2-C88E96D6CF61}.Debug|Any CPU.Build.0 = Debug|Any CPU
		{2E6B48C4-9F4A-4F4A-92D2-C88E96D6CF61}.Release|Any CPU.ActiveCfg = Release|Any CPU
		{2E6B48C4-9F4A-4F4A-92D2-C88E96D6CF61}.Release|Any CPU.Build.0 = Release|Any CPU
		{94950604-1E08-41FF-A975-48EE595D4B6A}.Debug|Any CPU.ActiveCfg = Debug|Any CPU
		{94950604-1E08-41FF-A975-48EE595D4B6A}.Debug|Any CPU.Build.0 = Debug|Any CPU
		{94950604-1E08-41FF-A975-48EE595D4B6A}.Release|Any CPU.ActiveCfg = Release|Any CPU
		{94950604-1E08-41FF-A975-48EE595D4B6A}.Release|Any CPU.Build.0 = Release|Any CPU
		{055811E3-0B07-46DE-9910-E11465B341C9}.Debug|Any CPU.ActiveCfg = Debug|Any CPU
		{055811E3-0B07-46DE-9910-E11465B341C9}.Debug|Any CPU.Build.0 = Debug|Any CPU
		{055811E3-0B07-46DE-9910-E11465B341C9}.Debug|Any CPU.Deploy.0 = Debug|Any CPU
		{055811E3-0B07-46DE-9910-E11465B341C9}.Release|Any CPU.ActiveCfg = Release|Any CPU
		{055811E3-0B07-46DE-9910-E11465B341C9}.Release|Any CPU.Build.0 = Release|Any CPU
		{055811E3-0B07-46DE-9910-E11465B341C9}.Release|Any CPU.Deploy.0 = Release|Any CPU
		{F48E5E3D-D857-45C9-95E3-76DFE0786BC6}.Debug|Any CPU.ActiveCfg = Debug|Any CPU
		{F48E5E3D-D857-45C9-95E3-76DFE0786BC6}.Debug|Any CPU.Build.0 = Debug|Any CPU
		{F48E5E3D-D857-45C9-95E3-76DFE0786BC6}.Release|Any CPU.ActiveCfg = Release|Any CPU
		{F48E5E3D-D857-45C9-95E3-76DFE0786BC6}.Release|Any CPU.Build.0 = Release|Any CPU
		{E946144D-DD0B-404B-898B-BE75E6E9919E}.Debug|Any CPU.ActiveCfg = Debug|Any CPU
		{E946144D-DD0B-404B-898B-BE75E6E9919E}.Debug|Any CPU.Build.0 = Debug|Any CPU
		{E946144D-DD0B-404B-898B-BE75E6E9919E}.Release|Any CPU.ActiveCfg = Debug|Any CPU
		{E946144D-DD0B-404B-898B-BE75E6E9919E}.Release|Any CPU.Build.0 = Debug|Any CPU
	EndGlobalSection
	GlobalSection(SolutionProperties) = preSolution
		HideSolutionNode = FALSE
	EndGlobalSection
	GlobalSection(ExtensibilityGlobals) = postSolution
		SolutionGuid = {47C1D49E-2A12-491E-AED1-8A74246D75A8}
	EndGlobalSection
EndGlobal
